
Microsoft Visual Studio Solution File, Format Version 12.00
# Visual Studio 15
VisualStudioVersion = 15.0.28307.136
MinimumVisualStudioVersion = 10.0.40219.1
Project("{FAE04EC0-301F-11D3-BF4B-00C04F79EFBC}") = "xspec", "xspec\xspec.csproj", "{EA08F841-6082-4B85-838D-85E58BF6E3D2}"
EndProject
Global
	GlobalSection(SolutionConfigurationPlatforms) = preSolution
		Debug|Any CPU = Debug|Any CPU
		Release|Any CPU = Release|Any CPU
	EndGlobalSection
	GlobalSection(ProjectConfigurationPlatforms) = postSolution
		{EA08F841-6082-4B85-838D-85E58BF6E3D2}.Debug|Any CPU.ActiveCfg = Debug|Any CPU
		{EA08F841-6082-4B85-838D-85E58BF6E3D2}.Debug|Any CPU.Build.0 = Debug|Any CPU
		{EA08F841-6082-4B85-838D-85E58BF6E3D2}.Release|Any CPU.ActiveCfg = Release|Any CPU
		{EA08F841-6082-4B85-838D-85E58BF6E3D2}.Release|Any CPU.Build.0 = Release|Any CPU
	EndGlobalSection
	GlobalSection(SolutionProperties) = preSolution
		HideSolutionNode = FALSE
	EndGlobalSection
	GlobalSection(ExtensibilityGlobals) = postSolution
		SolutionGuid = {D4A7CF33-E0E5-47EA-B29E-54CE00A50AE7}
	EndGlobalSection
EndGlobal
